// !$*UTF8*$!
{
	archiveVersion = 1;
	classes = {
	};
	objectVersion = 48;
	objects = {

/* Begin PBXBuildFile section */
		EDE0DD871FEB8FEB007975CA /* GSPagerView.framework in Frameworks */ = {isa = PBXBuildFile; fileRef = EDE0DD7D1FEB8FEA007975CA /* GSPagerView.framework */; };
		EDE0DD8C1FEB8FEB007975CA /* GSPagerView_Tests.swift in Sources */ = {isa = PBXBuildFile; fileRef = EDE0DD8B1FEB8FEB007975CA /* GSPagerView_Tests.swift */; };
		EDE0DD8E1FEB8FEB007975CA /* GSPagerView.h in Headers */ = {isa = PBXBuildFile; fileRef = EDE0DD801FEB8FEA007975CA /* GSPagerView.h */; settings = {ATTRIBUTES = (Public, ); }; };
		EDE0DDDF1FED02FD007975CA /* AppDelegate.swift in Sources */ = {isa = PBXBuildFile; fileRef = EDE0DDDE1FED02FD007975CA /* AppDelegate.swift */; };
		EDE0DDE11FED02FD007975CA /* ViewController.swift in Sources */ = {isa = PBXBuildFile; fileRef = EDE0DDE01FED02FD007975CA /* ViewController.swift */; };
		EDE0DDE41FED02FD007975CA /* Main.storyboard in Resources */ = {isa = PBXBuildFile; fileRef = EDE0DDE21FED02FD007975CA /* Main.storyboard */; };
		EDE0DDE61FED02FD007975CA /* Assets.xcassets in Resources */ = {isa = PBXBuildFile; fileRef = EDE0DDE51FED02FD007975CA /* Assets.xcassets */; };
		EDE0DDE91FED02FD007975CA /* LaunchScreen.storyboard in Resources */ = {isa = PBXBuildFile; fileRef = EDE0DDE71FED02FD007975CA /* LaunchScreen.storyboard */; };
		EDE0DDF41FED0636007975CA /* GSPagerView.framework in Frameworks */ = {isa = PBXBuildFile; fileRef = EDE0DD7D1FEB8FEA007975CA /* GSPagerView.framework */; settings = {ATTRIBUTES = (Weak, ); }; };
		EDE0DDF51FED0636007975CA /* GSPagerView.framework in Embed Frameworks */ = {isa = PBXBuildFile; fileRef = EDE0DD7D1FEB8FEA007975CA /* GSPagerView.framework */; settings = {ATTRIBUTES = (CodeSignOnCopy, RemoveHeadersOnCopy, ); }; };
		EDE0DDFA1FED0D4B007975CA /* GSPagerView.swift in Sources */ = {isa = PBXBuildFile; fileRef = EDE0DDF91FED0D4B007975CA /* GSPagerView.swift */; };
		EDE0DDFC1FED0DFB007975CA /* GSPagerViewLayout.swift in Sources */ = {isa = PBXBuildFile; fileRef = EDE0DDFB1FED0DFB007975CA /* GSPagerViewLayout.swift */; };
		EDE0DDFE1FED0E22007975CA /* GSPagerViewLayoutAttributes.swift in Sources */ = {isa = PBXBuildFile; fileRef = EDE0DDFD1FED0E22007975CA /* GSPagerViewLayoutAttributes.swift */; };
		EDE0DE021FED0E4D007975CA /* GSPageViewTransformer.swift in Sources */ = {isa = PBXBuildFile; fileRef = EDE0DE011FED0E4D007975CA /* GSPageViewTransformer.swift */; };
		EDE0DE041FED0E69007975CA /* GSPagerCollectionView.swift in Sources */ = {isa = PBXBuildFile; fileRef = EDE0DE031FED0E69007975CA /* GSPagerCollectionView.swift */; };
/* End PBXBuildFile section */

/* Begin PBXContainerItemProxy section */
		EDE0DD881FEB8FEB007975CA /* PBXContainerItemProxy */ = {
			isa = PBXContainerItemProxy;
			containerPortal = EDE0DD741FEB8FEA007975CA /* Project object */;
			proxyType = 1;
			remoteGlobalIDString = EDE0DD7C1FEB8FEA007975CA;
			remoteInfo = GSPagerView.;
		};
		EDE0DDF61FED0636007975CA /* PBXContainerItemProxy */ = {
			isa = PBXContainerItemProxy;
			containerPortal = EDE0DD741FEB8FEA007975CA /* Project object */;
			proxyType = 1;
			remoteGlobalIDString = EDE0DD7C1FEB8FEA007975CA;
			remoteInfo = GSPagerView;
		};
/* End PBXContainerItemProxy section */

/* Begin PBXCopyFilesBuildPhase section */
		EDE0DDF81FED0637007975CA /* Embed Frameworks */ = {
			isa = PBXCopyFilesBuildPhase;
			buildActionMask = 2147483647;
			dstPath = "";
			dstSubfolderSpec = 10;
			files = (
				EDE0DDF51FED0636007975CA /* GSPagerView.framework in Embed Frameworks */,
			);
			name = "Embed Frameworks";
			runOnlyForDeploymentPostprocessing = 0;
		};
/* End PBXCopyFilesBuildPhase section */

/* Begin PBXFileReference section */
		EDE0DD7D1FEB8FEA007975CA /* GSPagerView.framework */ = {isa = PBXFileReference; explicitFileType = wrapper.framework; includeInIndex = 0; path = GSPagerView.framework; sourceTree = BUILT_PRODUCTS_DIR; };
		EDE0DD801FEB8FEA007975CA /* GSPagerView.h */ = {isa = PBXFileReference; lastKnownFileType = sourcecode.c.h; path = GSPagerView.h; sourceTree = "<group>"; };
		EDE0DD811FEB8FEA007975CA /* Info.plist */ = {isa = PBXFileReference; lastKnownFileType = text.plist.xml; path = Info.plist; sourceTree = "<group>"; };
		EDE0DD861FEB8FEB007975CA /* GSPagerViewTests.xctest */ = {isa = PBXFileReference; explicitFileType = wrapper.cfbundle; includeInIndex = 0; path = GSPagerViewTests.xctest; sourceTree = BUILT_PRODUCTS_DIR; };
		EDE0DD8B1FEB8FEB007975CA /* GSPagerView_Tests.swift */ = {isa = PBXFileReference; lastKnownFileType = sourcecode.swift; path = GSPagerView_Tests.swift; sourceTree = "<group>"; };
		EDE0DD8D1FEB8FEB007975CA /* Info.plist */ = {isa = PBXFileReference; lastKnownFileType = text.plist.xml; path = Info.plist; sourceTree = "<group>"; };
		EDE0DDDC1FED02FD007975CA /* Demo.app */ = {isa = PBXFileReference; explicitFileType = wrapper.application; includeInIndex = 0; path = Demo.app; sourceTree = BUILT_PRODUCTS_DIR; };
		EDE0DDDE1FED02FD007975CA /* AppDelegate.swift */ = {isa = PBXFileReference; lastKnownFileType = sourcecode.swift; path = AppDelegate.swift; sourceTree = "<group>"; };
		EDE0DDE01FED02FD007975CA /* ViewController.swift */ = {isa = PBXFileReference; lastKnownFileType = sourcecode.swift; path = ViewController.swift; sourceTree = "<group>"; };
		EDE0DDE31FED02FD007975CA /* Base */ = {isa = PBXFileReference; lastKnownFileType = file.storyboard; name = Base; path = Base.lproj/Main.storyboard; sourceTree = "<group>"; };
		EDE0DDE51FED02FD007975CA /* Assets.xcassets */ = {isa = PBXFileReference; lastKnownFileType = folder.assetcatalog; path = Assets.xcassets; sourceTree = "<group>"; };
		EDE0DDE81FED02FD007975CA /* Base */ = {isa = PBXFileReference; lastKnownFileType = file.storyboard; name = Base; path = Base.lproj/LaunchScreen.storyboard; sourceTree = "<group>"; };
		EDE0DDEA1FED02FD007975CA /* Info.plist */ = {isa = PBXFileReference; lastKnownFileType = text.plist.xml; path = Info.plist; sourceTree = "<group>"; };
		EDE0DDF91FED0D4B007975CA /* GSPagerView.swift */ = {isa = PBXFileReference; lastKnownFileType = sourcecode.swift; path = GSPagerView.swift; sourceTree = "<group>"; };
		EDE0DDFB1FED0DFB007975CA /* GSPagerViewLayout.swift */ = {isa = PBXFileReference; lastKnownFileType = sourcecode.swift; path = GSPagerViewLayout.swift; sourceTree = "<group>"; };
		EDE0DDFD1FED0E22007975CA /* GSPagerViewLayoutAttributes.swift */ = {isa = PBXFileReference; lastKnownFileType = sourcecode.swift; path = GSPagerViewLayoutAttributes.swift; sourceTree = "<group>"; };
		EDE0DE011FED0E4D007975CA /* GSPageViewTransformer.swift */ = {isa = PBXFileReference; lastKnownFileType = sourcecode.swift; path = GSPageViewTransformer.swift; sourceTree = "<group>"; };
		EDE0DE031FED0E69007975CA /* GSPagerCollectionView.swift */ = {isa = PBXFileReference; lastKnownFileType = sourcecode.swift; path = GSPagerCollectionView.swift; sourceTree = "<group>"; };
/* End PBXFileReference section */

/* Begin PBXFrameworksBuildPhase section */
		EDE0DD791FEB8FEA007975CA /* Frameworks */ = {
			isa = PBXFrameworksBuildPhase;
			buildActionMask = 2147483647;
			files = (
			);
			runOnlyForDeploymentPostprocessing = 0;
		};
		EDE0DD831FEB8FEB007975CA /* Frameworks */ = {
			isa = PBXFrameworksBuildPhase;
			buildActionMask = 2147483647;
			files = (
				EDE0DD871FEB8FEB007975CA /* GSPagerView.framework in Frameworks */,
			);
			runOnlyForDeploymentPostprocessing = 0;
		};
		EDE0DDD91FED02FD007975CA /* Frameworks */ = {
			isa = PBXFrameworksBuildPhase;
			buildActionMask = 2147483647;
			files = (
				EDE0DDF41FED0636007975CA /* GSPagerView.framework in Frameworks */,
			);
			runOnlyForDeploymentPostprocessing = 0;
		};
/* End PBXFrameworksBuildPhase section */

/* Begin PBXGroup section */
		EDE0DD731FEB8FEA007975CA = {
			isa = PBXGroup;
			children = (
				EDE0DD7F1FEB8FEA007975CA /* GSPagerView */,
				EDE0DD8A1FEB8FEB007975CA /* GSPagerView.Tests */,
				EDE0DDDD1FED02FD007975CA /* Demo */,
				EDE0DD7E1FEB8FEA007975CA /* Products */,
			);
			sourceTree = "<group>";
		};
		EDE0DD7E1FEB8FEA007975CA /* Products */ = {
			isa = PBXGroup;
			children = (
				EDE0DD7D1FEB8FEA007975CA /* GSPagerView.framework */,
				EDE0DD861FEB8FEB007975CA /* GSPagerViewTests.xctest */,
				EDE0DDDC1FED02FD007975CA /* Demo.app */,
			);
			name = Products;
			sourceTree = "<group>";
		};
		EDE0DD7F1FEB8FEA007975CA /* GSPagerView */ = {
			isa = PBXGroup;
			children = (
				EDE0DD801FEB8FEA007975CA /* GSPagerView.h */,
				EDE0DD811FEB8FEA007975CA /* Info.plist */,
				EDE0DDF91FED0D4B007975CA /* GSPagerView.swift */,
				EDE0DDFB1FED0DFB007975CA /* GSPagerViewLayout.swift */,
				EDE0DDFD1FED0E22007975CA /* GSPagerViewLayoutAttributes.swift */,
				EDE0DE011FED0E4D007975CA /* GSPageViewTransformer.swift */,
				EDE0DE031FED0E69007975CA /* GSPagerCollectionView.swift */,
			);
			path = GSPagerView;
			sourceTree = "<group>";
		};
		EDE0DD8A1FEB8FEB007975CA /* GSPagerView.Tests */ = {
			isa = PBXGroup;
			children = (
				EDE0DD8B1FEB8FEB007975CA /* GSPagerView_Tests.swift */,
				EDE0DD8D1FEB8FEB007975CA /* Info.plist */,
			);
			path = GSPagerView.Tests;
			sourceTree = "<group>";
		};
		EDE0DDDD1FED02FD007975CA /* Demo */ = {
			isa = PBXGroup;
			children = (
				EDE0DDDE1FED02FD007975CA /* AppDelegate.swift */,
				EDE0DDE01FED02FD007975CA /* ViewController.swift */,
				EDE0DDE21FED02FD007975CA /* Main.storyboard */,
				EDE0DDE51FED02FD007975CA /* Assets.xcassets */,
				EDE0DDE71FED02FD007975CA /* LaunchScreen.storyboard */,
				EDE0DDEA1FED02FD007975CA /* Info.plist */,
			);
			path = Demo;
			sourceTree = "<group>";
		};
/* End PBXGroup section */

/* Begin PBXHeadersBuildPhase section */
		EDE0DD7A1FEB8FEA007975CA /* Headers */ = {
			isa = PBXHeadersBuildPhase;
			buildActionMask = 2147483647;
			files = (
				EDE0DD8E1FEB8FEB007975CA /* GSPagerView.h in Headers */,
			);
			runOnlyForDeploymentPostprocessing = 0;
		};
/* End PBXHeadersBuildPhase section */

/* Begin PBXNativeTarget section */
		EDE0DD7C1FEB8FEA007975CA /* GSPagerView */ = {
			isa = PBXNativeTarget;
			buildConfigurationList = EDE0DD911FEB8FEB007975CA /* Build configuration list for PBXNativeTarget "GSPagerView" */;
			buildPhases = (
				EDE0DD781FEB8FEA007975CA /* Sources */,
				EDE0DD791FEB8FEA007975CA /* Frameworks */,
				EDE0DD7A1FEB8FEA007975CA /* Headers */,
				EDE0DD7B1FEB8FEA007975CA /* Resources */,
				EDE0DD971FEB904A007975CA /* Carthage */,
			);
			buildRules = (
			);
			dependencies = (
			);
			name = GSPagerView;
			productName = GSPagerView.;
			productReference = EDE0DD7D1FEB8FEA007975CA /* GSPagerView.framework */;
			productType = "com.apple.product-type.framework";
		};
		EDE0DD851FEB8FEB007975CA /* GSPagerViewTests */ = {
			isa = PBXNativeTarget;
			buildConfigurationList = EDE0DD941FEB8FEB007975CA /* Build configuration list for PBXNativeTarget "GSPagerViewTests" */;
			buildPhases = (
				EDE0DD821FEB8FEB007975CA /* Sources */,
				EDE0DD831FEB8FEB007975CA /* Frameworks */,
				EDE0DD841FEB8FEB007975CA /* Resources */,
			);
			buildRules = (
			);
			dependencies = (
				EDE0DD891FEB8FEB007975CA /* PBXTargetDependency */,
			);
			name = GSPagerViewTests;
			productName = GSPagerView.Tests;
			productReference = EDE0DD861FEB8FEB007975CA /* GSPagerViewTests.xctest */;
			productType = "com.apple.product-type.bundle.unit-test";
		};
		EDE0DDDB1FED02FD007975CA /* Demo */ = {
			isa = PBXNativeTarget;
			buildConfigurationList = EDE0DDED1FED02FD007975CA /* Build configuration list for PBXNativeTarget "Demo" */;
			buildPhases = (
				EDE0DDD81FED02FD007975CA /* Sources */,
				EDE0DDD91FED02FD007975CA /* Frameworks */,
				EDE0DDDA1FED02FD007975CA /* Resources */,
				EDE0DDF31FED0353007975CA /* ShellScript */,
				EDE0DDF81FED0637007975CA /* Embed Frameworks */,
			);
			buildRules = (
			);
			dependencies = (
				EDE0DDF71FED0636007975CA /* PBXTargetDependency */,
			);
			name = Demo;
			productName = Demo;
			productReference = EDE0DDDC1FED02FD007975CA /* Demo.app */;
			productType = "com.apple.product-type.application";
		};
/* End PBXNativeTarget section */

/* Begin PBXProject section */
		EDE0DD741FEB8FEA007975CA /* Project object */ = {
			isa = PBXProject;
			attributes = {
				LastSwiftUpdateCheck = 0920;
				LastUpgradeCheck = 0920;
				ORGANIZATIONNAME = "孟钰丰";
				TargetAttributes = {
					EDE0DD7C1FEB8FEA007975CA = {
						CreatedOnToolsVersion = 9.2;
						LastSwiftMigration = 0920;
						ProvisioningStyle = Automatic;
					};
					EDE0DD851FEB8FEB007975CA = {
						CreatedOnToolsVersion = 9.2;
						ProvisioningStyle = Automatic;
					};
					EDE0DDDB1FED02FD007975CA = {
						CreatedOnToolsVersion = 9.2;
						ProvisioningStyle = Automatic;
					};
				};
			};
			buildConfigurationList = EDE0DD771FEB8FEA007975CA /* Build configuration list for PBXProject "GSPagerView" */;
			compatibilityVersion = "Xcode 8.0";
			developmentRegion = en;
			hasScannedForEncodings = 0;
			knownRegions = (
				en,
				Base,
			);
			mainGroup = EDE0DD731FEB8FEA007975CA;
			productRefGroup = EDE0DD7E1FEB8FEA007975CA /* Products */;
			projectDirPath = "";
			projectRoot = "";
			targets = (
				EDE0DD7C1FEB8FEA007975CA /* GSPagerView */,
				EDE0DD851FEB8FEB007975CA /* GSPagerViewTests */,
				EDE0DDDB1FED02FD007975CA /* Demo */,
			);
		};
/* End PBXProject section */

/* Begin PBXResourcesBuildPhase section */
		EDE0DD7B1FEB8FEA007975CA /* Resources */ = {
			isa = PBXResourcesBuildPhase;
			buildActionMask = 2147483647;
			files = (
			);
			runOnlyForDeploymentPostprocessing = 0;
		};
		EDE0DD841FEB8FEB007975CA /* Resources */ = {
			isa = PBXResourcesBuildPhase;
			buildActionMask = 2147483647;
			files = (
			);
			runOnlyForDeploymentPostprocessing = 0;
		};
		EDE0DDDA1FED02FD007975CA /* Resources */ = {
			isa = PBXResourcesBuildPhase;
			buildActionMask = 2147483647;
			files = (
				EDE0DDE91FED02FD007975CA /* LaunchScreen.storyboard in Resources */,
				EDE0DDE61FED02FD007975CA /* Assets.xcassets in Resources */,
				EDE0DDE41FED02FD007975CA /* Main.storyboard in Resources */,
			);
			runOnlyForDeploymentPostprocessing = 0;
		};
/* End PBXResourcesBuildPhase section */

/* Begin PBXShellScriptBuildPhase section */
		EDE0DD971FEB904A007975CA /* Carthage */ = {
			isa = PBXShellScriptBuildPhase;
			buildActionMask = 2147483647;
			files = (
			);
			inputPaths = (
				"$(SRCROOT)/Carthage/Build/iOS/GSFoundation.framework",
				"$(SRCROOT)/Carthage/Build/iOS/GSStability.framework",
				"$(SRCROOT)/Carthage/Build/iOS/HandyJSON.framework",
				"$(SRCROOT)/Carthage/Build/iOS/KeychainAccess.framework",
				"$(SRCROOT)/Carthage/Build/iOS/SnapKit.framework",
				"$(SRCROOT)/Carthage/Build/iOS/GSUIKit.framework",
			);
			name = Carthage;
			outputPaths = (
			);
			runOnlyForDeploymentPostprocessing = 0;
			shellPath = /bin/sh;
			shellScript = "/usr/local/bin/carthage copy-frameworks";
		};
		EDE0DDF31FED0353007975CA /* ShellScript */ = {
			isa = PBXShellScriptBuildPhase;
			buildActionMask = 2147483647;
			files = (
			);
			inputPaths = (
				"$(SRCROOT)/Carthage/Build/iOS/GSFoundation.framework",
				"$(SRCROOT)/Carthage/Build/iOS/GSStability.framework",
				"$(SRCROOT)/Carthage/Build/iOS/GSUIKit.framework",
				"$(SRCROOT)/Carthage/Build/iOS/HandyJSON.framework",
				"$(SRCROOT)/Carthage/Build/iOS/KeychainAccess.framework",
				"$(SRCROOT)/Carthage/Build/iOS/SnapKit.framework",
			);
			outputPaths = (
			);
			runOnlyForDeploymentPostprocessing = 0;
			shellPath = /bin/sh;
			shellScript = "/usr/local/bin/carthage copy-frameworks";
		};
/* End PBXShellScriptBuildPhase section */

/* Begin PBXSourcesBuildPhase section */
		EDE0DD781FEB8FEA007975CA /* Sources */ = {
			isa = PBXSourcesBuildPhase;
			buildActionMask = 2147483647;
			files = (
				EDE0DE041FED0E69007975CA /* GSPagerCollectionView.swift in Sources */,
				EDE0DDFE1FED0E22007975CA /* GSPagerViewLayoutAttributes.swift in Sources */,
				EDE0DDFC1FED0DFB007975CA /* GSPagerViewLayout.swift in Sources */,
				EDE0DDFA1FED0D4B007975CA /* GSPagerView.swift in Sources */,
				EDE0DE021FED0E4D007975CA /* GSPageViewTransformer.swift in Sources */,
			);
			runOnlyForDeploymentPostprocessing = 0;
		};
		EDE0DD821FEB8FEB007975CA /* Sources */ = {
			isa = PBXSourcesBuildPhase;
			buildActionMask = 2147483647;
			files = (
				EDE0DD8C1FEB8FEB007975CA /* GSPagerView_Tests.swift in Sources */,
			);
			runOnlyForDeploymentPostprocessing = 0;
		};
		EDE0DDD81FED02FD007975CA /* Sources */ = {
			isa = PBXSourcesBuildPhase;
			buildActionMask = 2147483647;
			files = (
				EDE0DDE11FED02FD007975CA /* ViewController.swift in Sources */,
				EDE0DDDF1FED02FD007975CA /* AppDelegate.swift in Sources */,
			);
			runOnlyForDeploymentPostprocessing = 0;
		};
/* End PBXSourcesBuildPhase section */

/* Begin PBXTargetDependency section */
		EDE0DD891FEB8FEB007975CA /* PBXTargetDependency */ = {
			isa = PBXTargetDependency;
			target = EDE0DD7C1FEB8FEA007975CA /* GSPagerView */;
			targetProxy = EDE0DD881FEB8FEB007975CA /* PBXContainerItemProxy */;
		};
		EDE0DDF71FED0636007975CA /* PBXTargetDependency */ = {
			isa = PBXTargetDependency;
			target = EDE0DD7C1FEB8FEA007975CA /* GSPagerView */;
			targetProxy = EDE0DDF61FED0636007975CA /* PBXContainerItemProxy */;
		};
/* End PBXTargetDependency section */

/* Begin PBXVariantGroup section */
		EDE0DDE21FED02FD007975CA /* Main.storyboard */ = {
			isa = PBXVariantGroup;
			children = (
				EDE0DDE31FED02FD007975CA /* Base */,
			);
			name = Main.storyboard;
			sourceTree = "<group>";
		};
		EDE0DDE71FED02FD007975CA /* LaunchScreen.storyboard */ = {
			isa = PBXVariantGroup;
			children = (
				EDE0DDE81FED02FD007975CA /* Base */,
			);
			name = LaunchScreen.storyboard;
			sourceTree = "<group>";
		};
/* End PBXVariantGroup section */

/* Begin XCBuildConfiguration section */
		EDE0DD8F1FEB8FEB007975CA /* Debug */ = {
			isa = XCBuildConfiguration;
			buildSettings = {
				ALWAYS_SEARCH_USER_PATHS = NO;
				CLANG_ANALYZER_NONNULL = YES;
				CLANG_ANALYZER_NUMBER_OBJECT_CONVERSION = YES_AGGRESSIVE;
				CLANG_CXX_LANGUAGE_STANDARD = "gnu++14";
				CLANG_CXX_LIBRARY = "libc++";
				CLANG_ENABLE_MODULES = YES;
				CLANG_ENABLE_OBJC_ARC = YES;
				CLANG_WARN_BLOCK_CAPTURE_AUTORELEASING = YES;
				CLANG_WARN_BOOL_CONVERSION = YES;
				CLANG_WARN_COMMA = YES;
				CLANG_WARN_CONSTANT_CONVERSION = YES;
				CLANG_WARN_DIRECT_OBJC_ISA_USAGE = YES_ERROR;
				CLANG_WARN_DOCUMENTATION_COMMENTS = YES;
				CLANG_WARN_EMPTY_BODY = YES;
				CLANG_WARN_ENUM_CONVERSION = YES;
				CLANG_WARN_INFINITE_RECURSION = YES;
				CLANG_WARN_INT_CONVERSION = YES;
				CLANG_WARN_NON_LITERAL_NULL_CONVERSION = YES;
				CLANG_WARN_OBJC_LITERAL_CONVERSION = YES;
				CLANG_WARN_OBJC_ROOT_CLASS = YES_ERROR;
				CLANG_WARN_RANGE_LOOP_ANALYSIS = YES;
				CLANG_WARN_STRICT_PROTOTYPES = YES;
				CLANG_WARN_SUSPICIOUS_MOVE = YES;
				CLANG_WARN_UNGUARDED_AVAILABILITY = YES_AGGRESSIVE;
				CLANG_WARN_UNREACHABLE_CODE = YES;
				CLANG_WARN__DUPLICATE_METHOD_MATCH = YES;
				CODE_SIGN_IDENTITY = "iPhone Developer";
				COPY_PHASE_STRIP = NO;
				CURRENT_PROJECT_VERSION = 1;
				DEBUG_INFORMATION_FORMAT = dwarf;
				ENABLE_STRICT_OBJC_MSGSEND = YES;
				ENABLE_TESTABILITY = YES;
				GCC_C_LANGUAGE_STANDARD = gnu11;
				GCC_DYNAMIC_NO_PIC = NO;
				GCC_NO_COMMON_BLOCKS = YES;
				GCC_OPTIMIZATION_LEVEL = 0;
				GCC_PREPROCESSOR_DEFINITIONS = (
					"DEBUG=1",
					"$(inherited)",
				);
				GCC_WARN_64_TO_32_BIT_CONVERSION = YES;
				GCC_WARN_ABOUT_RETURN_TYPE = YES_ERROR;
				GCC_WARN_UNDECLARED_SELECTOR = YES;
				GCC_WARN_UNINITIALIZED_AUTOS = YES_AGGRESSIVE;
				GCC_WARN_UNUSED_FUNCTION = YES;
				GCC_WARN_UNUSED_VARIABLE = YES;
				IPHONEOS_DEPLOYMENT_TARGET = 11.2;
				MTL_ENABLE_DEBUG_INFO = YES;
				ONLY_ACTIVE_ARCH = YES;
				SDKROOT = iphoneos;
				SWIFT_ACTIVE_COMPILATION_CONDITIONS = DEBUG;
				SWIFT_OPTIMIZATION_LEVEL = "-Onone";
				VERSIONING_SYSTEM = "apple-generic";
				VERSION_INFO_PREFIX = "";
			};
			name = Debug;
		};
		EDE0DD901FEB8FEB007975CA /* Release */ = {
			isa = XCBuildConfiguration;
			buildSettings = {
				ALWAYS_SEARCH_USER_PATHS = NO;
				CLANG_ANALYZER_NONNULL = YES;
				CLANG_ANALYZER_NUMBER_OBJECT_CONVERSION = YES_AGGRESSIVE;
				CLANG_CXX_LANGUAGE_STANDARD = "gnu++14";
				CLANG_CXX_LIBRARY = "libc++";
				CLANG_ENABLE_MODULES = YES;
				CLANG_ENABLE_OBJC_ARC = YES;
				CLANG_WARN_BLOCK_CAPTURE_AUTORELEASING = YES;
				CLANG_WARN_BOOL_CONVERSION = YES;
				CLANG_WARN_COMMA = YES;
				CLANG_WARN_CONSTANT_CONVERSION = YES;
				CLANG_WARN_DIRECT_OBJC_ISA_USAGE = YES_ERROR;
				CLANG_WARN_DOCUMENTATION_COMMENTS = YES;
				CLANG_WARN_EMPTY_BODY = YES;
				CLANG_WARN_ENUM_CONVERSION = YES;
				CLANG_WARN_INFINITE_RECURSION = YES;
				CLANG_WARN_INT_CONVERSION = YES;
				CLANG_WARN_NON_LITERAL_NULL_CONVERSION = YES;
				CLANG_WARN_OBJC_LITERAL_CONVERSION = YES;
				CLANG_WARN_OBJC_ROOT_CLASS = YES_ERROR;
				CLANG_WARN_RANGE_LOOP_ANALYSIS = YES;
				CLANG_WARN_STRICT_PROTOTYPES = YES;
				CLANG_WARN_SUSPICIOUS_MOVE = YES;
				CLANG_WARN_UNGUARDED_AVAILABILITY = YES_AGGRESSIVE;
				CLANG_WARN_UNREACHABLE_CODE = YES;
				CLANG_WARN__DUPLICATE_METHOD_MATCH = YES;
				CODE_SIGN_IDENTITY = "iPhone Developer";
				COPY_PHASE_STRIP = NO;
				CURRENT_PROJECT_VERSION = 1;
				DEBUG_INFORMATION_FORMAT = "dwarf-with-dsym";
				ENABLE_NS_ASSERTIONS = NO;
				ENABLE_STRICT_OBJC_MSGSEND = YES;
				GCC_C_LANGUAGE_STANDARD = gnu11;
				GCC_NO_COMMON_BLOCKS = YES;
				GCC_WARN_64_TO_32_BIT_CONVERSION = YES;
				GCC_WARN_ABOUT_RETURN_TYPE = YES_ERROR;
				GCC_WARN_UNDECLARED_SELECTOR = YES;
				GCC_WARN_UNINITIALIZED_AUTOS = YES_AGGRESSIVE;
				GCC_WARN_UNUSED_FUNCTION = YES;
				GCC_WARN_UNUSED_VARIABLE = YES;
				IPHONEOS_DEPLOYMENT_TARGET = 11.2;
				MTL_ENABLE_DEBUG_INFO = NO;
				SDKROOT = iphoneos;
				SWIFT_OPTIMIZATION_LEVEL = "-Owholemodule";
				VALIDATE_PRODUCT = YES;
				VERSIONING_SYSTEM = "apple-generic";
				VERSION_INFO_PREFIX = "";
			};
			name = Release;
		};
		EDE0DD921FEB8FEB007975CA /* Debug */ = {
			isa = XCBuildConfiguration;
			buildSettings = {
				CLANG_ENABLE_MODULES = YES;
				CODE_SIGN_IDENTITY = "";
				CODE_SIGN_STYLE = Automatic;
				DEFINES_MODULE = YES;
				DEVELOPMENT_TEAM = MD84C7GYX5;
				DYLIB_COMPATIBILITY_VERSION = 1;
				DYLIB_CURRENT_VERSION = 1;
				DYLIB_INSTALL_NAME_BASE = "@rpath";
				FRAMEWORK_SEARCH_PATHS = "$(SRCROOT)/Carthage/Build/iOS";
				INFOPLIST_FILE = GSPagerView/Info.plist;
				INSTALL_PATH = "$(LOCAL_LIBRARY_DIR)/Frameworks";
				IPHONEOS_DEPLOYMENT_TARGET = 9.0;
				LD_RUNPATH_SEARCH_PATHS = "$(inherited) @executable_path/Frameworks @loader_path/Frameworks";
				PRODUCT_BUNDLE_IDENTIFIER = "com.Sky-And-Hammer.ios.GS.GSPagerView-";
				PRODUCT_NAME = "$(TARGET_NAME:c99extidentifier)";
				SKIP_INSTALL = YES;
				SWIFT_OPTIMIZATION_LEVEL = "-Onone";
				SWIFT_VERSION = 4.0;
				TARGETED_DEVICE_FAMILY = "1,2";
			};
			name = Debug;
		};
		EDE0DD931FEB8FEB007975CA /* Release */ = {
			isa = XCBuildConfiguration;
			buildSettings = {
				CLANG_ENABLE_MODULES = YES;
				CODE_SIGN_IDENTITY = "";
				CODE_SIGN_STYLE = Automatic;
				DEFINES_MODULE = YES;
				DEVELOPMENT_TEAM = MD84C7GYX5;
				DYLIB_COMPATIBILITY_VERSION = 1;
				DYLIB_CURRENT_VERSION = 1;
				DYLIB_INSTALL_NAME_BASE = "@rpath";
				FRAMEWORK_SEARCH_PATHS = "$(SRCROOT)/Carthage/Build/iOS";
				INFOPLIST_FILE = GSPagerView/Info.plist;
				INSTALL_PATH = "$(LOCAL_LIBRARY_DIR)/Frameworks";
				IPHONEOS_DEPLOYMENT_TARGET = 9.0;
				LD_RUNPATH_SEARCH_PATHS = "$(inherited) @executable_path/Frameworks @loader_path/Frameworks";
				PRODUCT_BUNDLE_IDENTIFIER = "com.Sky-And-Hammer.ios.GS.GSPagerView-";
				PRODUCT_NAME = "$(TARGET_NAME:c99extidentifier)";
				SKIP_INSTALL = YES;
				SWIFT_VERSION = 4.0;
				TARGETED_DEVICE_FAMILY = "1,2";
			};
			name = Release;
		};
		EDE0DD951FEB8FEB007975CA /* Debug */ = {
			isa = XCBuildConfiguration;
			buildSettings = {
				ALWAYS_EMBED_SWIFT_STANDARD_LIBRARIES = YES;
				CODE_SIGN_STYLE = Automatic;
				DEVELOPMENT_TEAM = 2LJX58TYK3;
				INFOPLIST_FILE = GSPagerView.Tests/Info.plist;
				LD_RUNPATH_SEARCH_PATHS = "$(inherited) @executable_path/Frameworks @loader_path/Frameworks";
				PRODUCT_BUNDLE_IDENTIFIER = "com.Sky-And-Hammer.ios.GS.GSPagerView-Tests";
				PRODUCT_NAME = "$(TARGET_NAME)";
				SWIFT_VERSION = 4.0;
				TARGETED_DEVICE_FAMILY = "1,2";
			};
			name = Debug;
		};
		EDE0DD961FEB8FEB007975CA /* Release */ = {
			isa = XCBuildConfiguration;
			buildSettings = {
				ALWAYS_EMBED_SWIFT_STANDARD_LIBRARIES = YES;
				CODE_SIGN_STYLE = Automatic;
				DEVELOPMENT_TEAM = 2LJX58TYK3;
				INFOPLIST_FILE = GSPagerView.Tests/Info.plist;
				LD_RUNPATH_SEARCH_PATHS = "$(inherited) @executable_path/Frameworks @loader_path/Frameworks";
				PRODUCT_BUNDLE_IDENTIFIER = "com.Sky-And-Hammer.ios.GS.GSPagerView-Tests";
				PRODUCT_NAME = "$(TARGET_NAME)";
				SWIFT_VERSION = 4.0;
				TARGETED_DEVICE_FAMILY = "1,2";
			};
			name = Release;
		};
		EDE0DDEB1FED02FD007975CA /* Debug */ = {
			isa = XCBuildConfiguration;
			buildSettings = {
				ALWAYS_EMBED_SWIFT_STANDARD_LIBRARIES = YES;
				ASSETCATALOG_COMPILER_APPICON_NAME = AppIcon;
				CODE_SIGN_STYLE = Automatic;
				DEVELOPMENT_TEAM = MD84C7GYX5;
				FRAMEWORK_SEARCH_PATHS = "$(SRCROOT)/Carthage/Build/iOS";
				INFOPLIST_FILE = Demo/Info.plist;
				IPHONEOS_DEPLOYMENT_TARGET = 9.0;
				LD_RUNPATH_SEARCH_PATHS = "$(inherited) @executable_path/Frameworks";
				PRODUCT_BUNDLE_IDENTIFIER = "com.Sky-And-Hammer.ios.GS.Demo";
				PRODUCT_NAME = "$(TARGET_NAME)";
				SWIFT_VERSION = 4.0;
				TARGETED_DEVICE_FAMILY = "1,2";
			};
			name = Debug;
		};
		EDE0DDEC1FED02FD007975CA /* Release */ = {
			isa = XCBuildConfiguration;
			buildSettings = {
				ALWAYS_EMBED_SWIFT_STANDARD_LIBRARIES = YES;
				ASSETCATALOG_COMPILER_APPICON_NAME = AppIcon;
				CODE_SIGN_STYLE = Automatic;
				DEVELOPMENT_TEAM = MD84C7GYX5;
				FRAMEWORK_SEARCH_PATHS = "$(SRCROOT)/Carthage/Build/iOS";
				INFOPLIST_FILE = Demo/Info.plist;
				IPHONEOS_DEPLOYMENT_TARGET = 9.0;
				LD_RUNPATH_SEARCH_PATHS = "$(inherited) @executable_path/Frameworks";
				PRODUCT_BUNDLE_IDENTIFIER = "com.Sky-And-Hammer.ios.GS.Demo";
				PRODUCT_NAME = "$(TARGET_NAME)";
				SWIFT_VERSION = 4.0;
				TARGETED_DEVICE_FAMILY = "1,2";
			};
			name = Release;
		};
/* End XCBuildConfiguration section */

/* Begin XCConfigurationList section */
		EDE0DD771FEB8FEA007975CA /* Build configuration list for PBXProject "GSPagerView" */ = {
			isa = XCConfigurationList;
			buildConfigurations = (
				EDE0DD8F1FEB8FEB007975CA /* Debug */,
				EDE0DD901FEB8FEB007975CA /* Release */,
			);
			defaultConfigurationIsVisible = 0;
			defaultConfigurationName = Release;
		};
		EDE0DD911FEB8FEB007975CA /* Build configuration list for PBXNativeTarget "GSPagerView" */ = {
			isa = XCConfigurationList;
			buildConfigurations = (
				EDE0DD921FEB8FEB007975CA /* Debug */,
				EDE0DD931FEB8FEB007975CA /* Release */,
			);
			defaultConfigurationIsVisible = 0;
			defaultConfigurationName = Release;
		};
		EDE0DD941FEB8FEB007975CA /* Build configuration list for PBXNativeTarget "GSPagerViewTests" */ = {
			isa = XCConfigurationList;
			buildConfigurations = (
				EDE0DD951FEB8FEB007975CA /* Debug */,
				EDE0DD961FEB8FEB007975CA /* Release */,
			);
			defaultConfigurationIsVisible = 0;
			defaultConfigurationName = Release;
		};
		EDE0DDED1FED02FD007975CA /* Build configuration list for PBXNativeTarget "Demo" */ = {
			isa = XCConfigurationList;
			buildConfigurations = (
				EDE0DDEB1FED02FD007975CA /* Debug */,
				EDE0DDEC1FED02FD007975CA /* Release */,
			);
			defaultConfigurationIsVisible = 0;
			defaultConfigurationName = Release;
		};
/* End XCConfigurationList section */
	};
	rootObject = EDE0DD741FEB8FEA007975CA /* Project object */;
}
